{
  "object": {
    "pins": [
      {
        "package": "TestUtils",
        "repositoryURL": "/Users/ios.yu/Desktop/TestUtils",
        "state": {
          "branch": "main",
          "revision": "9ed7fda82b4b0522d965947d52c1959bba520359",
          "version": null
        }
      }
    ]
  },
  "version": 1
}
