{
  "object": {
    "pins": [
      {
        "package": "TestUtils",
        "repositoryURL": "https://github.com/ytyubox/TestUtils.git",
        "state": {
          "branch": null,
          "revision": "dee5c5d1c9673123cef4ad6e7a2dd0cc090efc59",
          "version": "1.0.3"
        }
      }
    ]
  },
  "version": 1
}
